
Microsoft Visual Studio Solution File, Format Version 12.00
# Visual Studio Version 17
VisualStudioVersion = 17.2.32630.192
MinimumVisualStudioVersion = 10.0.40219.1
Project("{9A19103F-16F7-4668-BE54-9A1E7A4F7556}") = "LearnDevopsGitHub", "LearnDevopsGitHub\LearnDevopsGitHub.csproj", "{A7B0BD86-59D7-4C1F-856A-910003566BEE}"
EndProject
Project("{FAE04EC0-301F-11D3-BF4B-00C04F79EFBC}") = "UnitTestProject", "UnitTestProject\UnitTestProject.csproj", "{3B460F6D-45BC-4645-88E0-F87E44C7D42A}"
EndProject
Global
	GlobalSection(SolutionConfigurationPlatforms) = preSolution
		Debug|Any CPU = Debug|Any CPU
		Release|Any CPU = Release|Any CPU
	EndGlobalSection
	GlobalSection(ProjectConfigurationPlatforms) = postSolution
		{A7B0BD86-59D7-4C1F-856A-910003566BEE}.Debug|Any CPU.ActiveCfg = Debug|Any CPU
		{A7B0BD86-59D7-4C1F-856A-910003566BEE}.Debug|Any CPU.Build.0 = Debug|Any CPU
		{A7B0BD86-59D7-4C1F-856A-910003566BEE}.Release|Any CPU.ActiveCfg = Release|Any CPU
		{A7B0BD86-59D7-4C1F-856A-910003566BEE}.Release|Any CPU.Build.0 = Release|Any CPU
		{3B460F6D-45BC-4645-88E0-F87E44C7D42A}.Debug|Any CPU.ActiveCfg = Debug|Any CPU
		{3B460F6D-45BC-4645-88E0-F87E44C7D42A}.Debug|Any CPU.Build.0 = Debug|Any CPU
		{3B460F6D-45BC-4645-88E0-F87E44C7D42A}.Release|Any CPU.ActiveCfg = Release|Any CPU
		{3B460F6D-45BC-4645-88E0-F87E44C7D42A}.Release|Any CPU.Build.0 = Release|Any CPU
	EndGlobalSection
	GlobalSection(SolutionProperties) = preSolution
		HideSolutionNode = FALSE
	EndGlobalSection
	GlobalSection(ExtensibilityGlobals) = postSolution
		SolutionGuid = {F6491916-097F-49C0-ADCE-5DF6451EC055}
	EndGlobalSection
EndGlobal
